
Microsoft Visual Studio Solution File, Format Version 12.00
# Visual Studio 15
VisualStudioVersion = 15.0.28307.421
MinimumVisualStudioVersion = 10.0.40219.1
Project("{FAE04EC0-301F-11D3-BF4B-00C04F79EFBC}") = "ProyectoTienda", "ProyectoTienda\ProyectoTienda.csproj", "{E3232BD3-85CE-47A1-BC74-DD8F70454EC1}"
EndProject
Project("{FAE04EC0-301F-11D3-BF4B-00C04F79EFBC}") = "EjemploValidacaion", "..\EjemploValidacaion\EjemploValidacaion.csproj", "{630D1EC6-A1AA-4684-AF5D-EBF9EA53425B}"
EndProject
Project("{FAE04EC0-301F-11D3-BF4B-00C04F79EFBC}") = "EjemploLogin", "..\EjemploLogin\EjemploLogin.csproj", "{C235CD50-3FAE-407F-BCA7-81344344D04C}"
EndProject
Project("{FAE04EC0-301F-11D3-BF4B-00C04F79EFBC}") = "TiendaCarritoSession", "..\TiendaCarritoSession\TiendaCarritoSession.csproj", "{77F90511-40CE-4AC7-9AF9-31F452300C5B}"
EndProject
Project("{FAE04EC0-301F-11D3-BF4B-00C04F79EFBC}") = "ProyectoWeb", "..\..\ProyectoWeb\ProyectoWeb\ProyectoWeb.csproj", "{9B5F53A7-E62B-4970-9AC4-87F847C4876C}"
EndProject
Project("{FAE04EC0-301F-11D3-BF4B-00C04F79EFBC}") = "ConsoleApp1", "..\..\ConsoleApp1\ConsoleApp1\ConsoleApp1.csproj", "{C56CAD1E-BFF6-4837-9F51-BC31F6503DD1}"
EndProject
Project("{FAE04EC0-301F-11D3-BF4B-00C04F79EFBC}") = "WEBAPI", "WEBAPI\WEBAPI.csproj", "{A5E8C65B-C625-4BAB-BFC4-414F8094E010}"
EndProject
Global
	GlobalSection(SolutionConfigurationPlatforms) = preSolution
		Debug|Any CPU = Debug|Any CPU
		Release|Any CPU = Release|Any CPU
	EndGlobalSection
	GlobalSection(ProjectConfigurationPlatforms) = postSolution
		{E3232BD3-85CE-47A1-BC74-DD8F70454EC1}.Debug|Any CPU.ActiveCfg = Debug|Any CPU
		{E3232BD3-85CE-47A1-BC74-DD8F70454EC1}.Debug|Any CPU.Build.0 = Debug|Any CPU
		{E3232BD3-85CE-47A1-BC74-DD8F70454EC1}.Release|Any CPU.ActiveCfg = Release|Any CPU
		{E3232BD3-85CE-47A1-BC74-DD8F70454EC1}.Release|Any CPU.Build.0 = Release|Any CPU
		{630D1EC6-A1AA-4684-AF5D-EBF9EA53425B}.Debug|Any CPU.ActiveCfg = Debug|Any CPU
		{630D1EC6-A1AA-4684-AF5D-EBF9EA53425B}.Debug|Any CPU.Build.0 = Debug|Any CPU
		{630D1EC6-A1AA-4684-AF5D-EBF9EA53425B}.Release|Any CPU.ActiveCfg = Release|Any CPU
		{630D1EC6-A1AA-4684-AF5D-EBF9EA53425B}.Release|Any CPU.Build.0 = Release|Any CPU
		{C235CD50-3FAE-407F-BCA7-81344344D04C}.Debug|Any CPU.ActiveCfg = Debug|Any CPU
		{C235CD50-3FAE-407F-BCA7-81344344D04C}.Debug|Any CPU.Build.0 = Debug|Any CPU
		{C235CD50-3FAE-407F-BCA7-81344344D04C}.Release|Any CPU.ActiveCfg = Release|Any CPU
		{C235CD50-3FAE-407F-BCA7-81344344D04C}.Release|Any CPU.Build.0 = Release|Any CPU
		{77F90511-40CE-4AC7-9AF9-31F452300C5B}.Debug|Any CPU.ActiveCfg = Debug|Any CPU
		{77F90511-40CE-4AC7-9AF9-31F452300C5B}.Debug|Any CPU.Build.0 = Debug|Any CPU
		{77F90511-40CE-4AC7-9AF9-31F452300C5B}.Release|Any CPU.ActiveCfg = Release|Any CPU
		{77F90511-40CE-4AC7-9AF9-31F452300C5B}.Release|Any CPU.Build.0 = Release|Any CPU
		{9B5F53A7-E62B-4970-9AC4-87F847C4876C}.Debug|Any CPU.ActiveCfg = Debug|Any CPU
		{9B5F53A7-E62B-4970-9AC4-87F847C4876C}.Debug|Any CPU.Build.0 = Debug|Any CPU
		{9B5F53A7-E62B-4970-9AC4-87F847C4876C}.Release|Any CPU.ActiveCfg = Release|Any CPU
		{9B5F53A7-E62B-4970-9AC4-87F847C4876C}.Release|Any CPU.Build.0 = Release|Any CPU
		{C56CAD1E-BFF6-4837-9F51-BC31F6503DD1}.Debug|Any CPU.ActiveCfg = Debug|Any CPU
		{C56CAD1E-BFF6-4837-9F51-BC31F6503DD1}.Debug|Any CPU.Build.0 = Debug|Any CPU
		{C56CAD1E-BFF6-4837-9F51-BC31F6503DD1}.Release|Any CPU.ActiveCfg = Release|Any CPU
		{C56CAD1E-BFF6-4837-9F51-BC31F6503DD1}.Release|Any CPU.Build.0 = Release|Any CPU
		{A5E8C65B-C625-4BAB-BFC4-414F8094E010}.Debug|Any CPU.ActiveCfg = Debug|Any CPU
		{A5E8C65B-C625-4BAB-BFC4-414F8094E010}.Debug|Any CPU.Build.0 = Debug|Any CPU
		{A5E8C65B-C625-4BAB-BFC4-414F8094E010}.Release|Any CPU.ActiveCfg = Release|Any CPU
		{A5E8C65B-C625-4BAB-BFC4-414F8094E010}.Release|Any CPU.Build.0 = Release|Any CPU
	EndGlobalSection
	GlobalSection(SolutionProperties) = preSolution
		HideSolutionNode = FALSE
	EndGlobalSection
	GlobalSection(ExtensibilityGlobals) = postSolution
		SolutionGuid = {2908E93D-A2BB-4154-9497-61FF694D4EB9}
	EndGlobalSection
EndGlobal
